PODS:
  - mopub-ios-sdk (5.10.0):
    - mopub-ios-sdk/MoPubSDK (= 5.10.0)
  - mopub-ios-sdk/Avid (5.10.0):
    - mopub-ios-sdk/Core
  - mopub-ios-sdk/Core (5.10.0)
  - mopub-ios-sdk/Moat (5.10.0):
    - mopub-ios-sdk/Core
  - mopub-ios-sdk/MoPubSDK (5.10.0):
    - mopub-ios-sdk/Avid
    - mopub-ios-sdk/Core
    - mopub-ios-sdk/Moat
  - MopubMobileAdsMediationZplayAds (2.6.0):
    - mopub-ios-sdk
    - PlayableAds (~> 2.6.0)
  - PlayableAds (2.6.0)

DEPENDENCIES:
  - MopubMobileAdsMediationZplayAds

SPEC REPOS:
  https://github.com/cocoapods/specs.git:
    - mopub-ios-sdk
    - MopubMobileAdsMediationZplayAds
    - PlayableAds

SPEC CHECKSUMS:
  mopub-ios-sdk: 3d65133b95b6498aa871a66818a11a5ba307e565
  MopubMobileAdsMediationZplayAds: 379ecb49250aeddfe4b3db8b3bab715269cc4384
  PlayableAds: 4c9e4d1e705270a7d7a44c75dd45ba4ed3395ed3

PODFILE CHECKSUM: 1618a57da5120400218233ef11d26b54861af641

COCOAPODS: 1.7.5
