PODS:
  - mopub-ios-sdk (4.20.1):
    - mopub-ios-sdk/MoPubSDK (= 4.20.1)
  - mopub-ios-sdk/Avid (4.20.1):
    - mopub-ios-sdk/Core
  - mopub-ios-sdk/Core (4.20.1)
  - mopub-ios-sdk/Moat (4.20.1):
    - mopub-ios-sdk/Core
  - mopub-ios-sdk/MoPubSDK (4.20.1):
    - mopub-ios-sdk/Avid
    - mopub-ios-sdk/Core
    - mopub-ios-sdk/Moat
  - PlayableAds (2.0.6)

DEPENDENCIES:
  - mopub-ios-sdk
  - PlayableAds (= 2.0.6)

SPEC CHECKSUMS:
  mopub-ios-sdk: 6220599bacc1c47f4117b7af5e9616f6779157a5
  PlayableAds: ce69e4b8402dcc96f302082908156ee8d57d59fa

PODFILE CHECKSUM: 86ddc89de824538b3eb95dc2fa244006a88769ae

COCOAPODS: 1.2.1
